
Microsoft Visual Studio Solution File, Format Version 12.00
# Visual Studio Version 16
VisualStudioVersion = 16.0.29306.81
MinimumVisualStudioVersion = 10.0.40219.1
Project("{9A19103F-16F7-4668-BE54-9A1E7A4F7556}") = "CarStoreRest", "CarStoreRest\CarStoreRest.csproj", "{73444BB5-E675-4A66-937A-AC991653AE7E}"
EndProject
Project("{9A19103F-16F7-4668-BE54-9A1E7A4F7556}") = "CarStoreWeb", "CarStoreWeb\CarStoreWeb.csproj", "{1DC2CF85-C08E-4FE9-8932-E7A4EB16E886}"
EndProject
Project("{FAE04EC0-301F-11D3-BF4B-00C04F79EFBC}") = "CarStoreRest.Tests", "CarStoreRest.Tests\CarStoreRest.Tests.csproj", "{534B411F-31B7-4217-AF80-EE8C3F01FAD9}"
EndProject
Global
	GlobalSection(SolutionConfigurationPlatforms) = preSolution
		Debug|Any CPU = Debug|Any CPU
		Release|Any CPU = Release|Any CPU
	EndGlobalSection
	GlobalSection(ProjectConfigurationPlatforms) = postSolution
		{73444BB5-E675-4A66-937A-AC991653AE7E}.Debug|Any CPU.ActiveCfg = Debug|Any CPU
		{73444BB5-E675-4A66-937A-AC991653AE7E}.Debug|Any CPU.Build.0 = Debug|Any CPU
		{73444BB5-E675-4A66-937A-AC991653AE7E}.Release|Any CPU.ActiveCfg = Release|Any CPU
		{73444BB5-E675-4A66-937A-AC991653AE7E}.Release|Any CPU.Build.0 = Release|Any CPU
		{1DC2CF85-C08E-4FE9-8932-E7A4EB16E886}.Debug|Any CPU.ActiveCfg = Debug|Any CPU
		{1DC2CF85-C08E-4FE9-8932-E7A4EB16E886}.Debug|Any CPU.Build.0 = Debug|Any CPU
		{1DC2CF85-C08E-4FE9-8932-E7A4EB16E886}.Release|Any CPU.ActiveCfg = Release|Any CPU
		{1DC2CF85-C08E-4FE9-8932-E7A4EB16E886}.Release|Any CPU.Build.0 = Release|Any CPU
		{534B411F-31B7-4217-AF80-EE8C3F01FAD9}.Debug|Any CPU.ActiveCfg = Debug|Any CPU
		{534B411F-31B7-4217-AF80-EE8C3F01FAD9}.Debug|Any CPU.Build.0 = Debug|Any CPU
		{534B411F-31B7-4217-AF80-EE8C3F01FAD9}.Release|Any CPU.ActiveCfg = Release|Any CPU
		{534B411F-31B7-4217-AF80-EE8C3F01FAD9}.Release|Any CPU.Build.0 = Release|Any CPU
	EndGlobalSection
	GlobalSection(SolutionProperties) = preSolution
		HideSolutionNode = FALSE
	EndGlobalSection
	GlobalSection(ExtensibilityGlobals) = postSolution
		SolutionGuid = {985FC367-4F07-4B4E-BAF3-C6E97DC6806E}
	EndGlobalSection
EndGlobal
